
Microsoft Visual Studio Solution File, Format Version 12.00
# Visual Studio Version 17
VisualStudioVersion = 17.9.34728.123
MinimumVisualStudioVersion = 10.0.40219.1
Project("{FAE04EC0-301F-11D3-BF4B-00C04F79EFBC}") = "ConsoleApp2", "ConsoleApp2.csproj", "{8EDE5346-948F-4F8F-AAE4-B2D70C754AAD}"
EndProject
Global
	GlobalSection(SolutionConfigurationPlatforms) = preSolution
		Debug|Any CPU = Debug|Any CPU
		Release|Any CPU = Release|Any CPU
	EndGlobalSection
	GlobalSection(ProjectConfigurationPlatforms) = postSolution
		{8EDE5346-948F-4F8F-AAE4-B2D70C754AAD}.Debug|Any CPU.ActiveCfg = Debug|Any CPU
		{8EDE5346-948F-4F8F-AAE4-B2D70C754AAD}.Debug|Any CPU.Build.0 = Debug|Any CPU
		{8EDE5346-948F-4F8F-AAE4-B2D70C754AAD}.Release|Any CPU.ActiveCfg = Release|Any CPU
		{8EDE5346-948F-4F8F-AAE4-B2D70C754AAD}.Release|Any CPU.Build.0 = Release|Any CPU
	EndGlobalSection
	GlobalSection(SolutionProperties) = preSolution
		HideSolutionNode = FALSE
	EndGlobalSection
	GlobalSection(ExtensibilityGlobals) = postSolution
		SolutionGuid = {E0058398-45B9-4EBB-8227-851CFED071AD}
	EndGlobalSection
EndGlobal
